
Microsoft Visual Studio Solution File, Format Version 12.00
# Visual Studio 15
VisualStudioVersion = 15.0.28010.2019
MinimumVisualStudioVersion = 10.0.40219.1
Project("{FAE04EC0-301F-11D3-BF4B-00C04F79EFBC}") = "Challenges", "Challenges\Challenges.csproj", "{B94FF074-7EA6-4EF6-8122-00560F488B44}"
EndProject
Project("{9A19103F-16F7-4668-BE54-9A1E7A4F7556}") = "Challenges.console", "Challenges.console\Challenges.console.csproj", "{6A5E013D-BDE3-434C-8EC0-88DFAF629730}"
EndProject
Project("{FAE04EC0-301F-11D3-BF4B-00C04F79EFBC}") = "Challenges.Tests", "Challenges.Tests\Challenges.Tests.csproj", "{D6174B25-05DF-42AF-9B6E-F84CB434914B}"
EndProject
Global
	GlobalSection(SolutionConfigurationPlatforms) = preSolution
		Debug|Any CPU = Debug|Any CPU
		Release|Any CPU = Release|Any CPU
	EndGlobalSection
	GlobalSection(ProjectConfigurationPlatforms) = postSolution
		{B94FF074-7EA6-4EF6-8122-00560F488B44}.Debug|Any CPU.ActiveCfg = Debug|Any CPU
		{B94FF074-7EA6-4EF6-8122-00560F488B44}.Debug|Any CPU.Build.0 = Debug|Any CPU
		{B94FF074-7EA6-4EF6-8122-00560F488B44}.Release|Any CPU.ActiveCfg = Release|Any CPU
		{B94FF074-7EA6-4EF6-8122-00560F488B44}.Release|Any CPU.Build.0 = Release|Any CPU
		{6A5E013D-BDE3-434C-8EC0-88DFAF629730}.Debug|Any CPU.ActiveCfg = Debug|Any CPU
		{6A5E013D-BDE3-434C-8EC0-88DFAF629730}.Debug|Any CPU.Build.0 = Debug|Any CPU
		{6A5E013D-BDE3-434C-8EC0-88DFAF629730}.Release|Any CPU.ActiveCfg = Release|Any CPU
		{6A5E013D-BDE3-434C-8EC0-88DFAF629730}.Release|Any CPU.Build.0 = Release|Any CPU
		{D6174B25-05DF-42AF-9B6E-F84CB434914B}.Debug|Any CPU.ActiveCfg = Debug|Any CPU
		{D6174B25-05DF-42AF-9B6E-F84CB434914B}.Debug|Any CPU.Build.0 = Debug|Any CPU
		{D6174B25-05DF-42AF-9B6E-F84CB434914B}.Release|Any CPU.ActiveCfg = Release|Any CPU
		{D6174B25-05DF-42AF-9B6E-F84CB434914B}.Release|Any CPU.Build.0 = Release|Any CPU
	EndGlobalSection
	GlobalSection(SolutionProperties) = preSolution
		HideSolutionNode = FALSE
	EndGlobalSection
	GlobalSection(ExtensibilityGlobals) = postSolution
		SolutionGuid = {B89C96D4-DBED-450F-A1FE-A248600D08DC}
	EndGlobalSection
EndGlobal
